
Microsoft Visual Studio Solution File, Format Version 12.00
# Visual Studio 15
VisualStudioVersion = 15.0.26124.0
MinimumVisualStudioVersion = 15.0.26124.0
Project("{FAE04EC0-301F-11D3-BF4B-00C04F79EFBC}") = "Example", "Example\Example.csproj", "{4D12EA2F-93AD-4585-9DC9-1BFCC83673AA}"
EndProject
Project("{FAE04EC0-301F-11D3-BF4B-00C04F79EFBC}") = "BrokenEngine", "BrokenEngine\BrokenEngine.csproj", "{2D81F35E-B908-4394-A7DB-537E7D613D9F}"
EndProject
Global
	GlobalSection(SolutionConfigurationPlatforms) = preSolution
		Debug|Any CPU = Debug|Any CPU
		Debug|x64 = Debug|x64
		Debug|x86 = Debug|x86
		Release|Any CPU = Release|Any CPU
		Release|x64 = Release|x64
		Release|x86 = Release|x86
	EndGlobalSection
	GlobalSection(SolutionProperties) = preSolution
		HideSolutionNode = FALSE
	EndGlobalSection
	GlobalSection(ProjectConfigurationPlatforms) = postSolution
		{3CF04448-5F5D-46D2-B18E-CEAD2B5FB21B}.Debug|Any CPU.ActiveCfg = Debug|Any CPU
		{3CF04448-5F5D-46D2-B18E-CEAD2B5FB21B}.Debug|Any CPU.Build.0 = Debug|Any CPU
		{3CF04448-5F5D-46D2-B18E-CEAD2B5FB21B}.Debug|x64.ActiveCfg = Debug|Any CPU
		{3CF04448-5F5D-46D2-B18E-CEAD2B5FB21B}.Debug|x64.Build.0 = Debug|Any CPU
		{3CF04448-5F5D-46D2-B18E-CEAD2B5FB21B}.Debug|x86.ActiveCfg = Debug|Any CPU
		{3CF04448-5F5D-46D2-B18E-CEAD2B5FB21B}.Debug|x86.Build.0 = Debug|Any CPU
		{3CF04448-5F5D-46D2-B18E-CEAD2B5FB21B}.Release|Any CPU.ActiveCfg = Release|Any CPU
		{3CF04448-5F5D-46D2-B18E-CEAD2B5FB21B}.Release|Any CPU.Build.0 = Release|Any CPU
		{3CF04448-5F5D-46D2-B18E-CEAD2B5FB21B}.Release|x64.ActiveCfg = Release|Any CPU
		{3CF04448-5F5D-46D2-B18E-CEAD2B5FB21B}.Release|x64.Build.0 = Release|Any CPU
		{3CF04448-5F5D-46D2-B18E-CEAD2B5FB21B}.Release|x86.ActiveCfg = Release|Any CPU
		{3CF04448-5F5D-46D2-B18E-CEAD2B5FB21B}.Release|x86.Build.0 = Release|Any CPU
		{4D12EA2F-93AD-4585-9DC9-1BFCC83673AA}.Debug|Any CPU.ActiveCfg = Debug|Any CPU
		{4D12EA2F-93AD-4585-9DC9-1BFCC83673AA}.Debug|Any CPU.Build.0 = Debug|Any CPU
		{4D12EA2F-93AD-4585-9DC9-1BFCC83673AA}.Debug|x64.ActiveCfg = Debug|Any CPU
		{4D12EA2F-93AD-4585-9DC9-1BFCC83673AA}.Debug|x64.Build.0 = Debug|Any CPU
		{4D12EA2F-93AD-4585-9DC9-1BFCC83673AA}.Debug|x86.ActiveCfg = Debug|Any CPU
		{4D12EA2F-93AD-4585-9DC9-1BFCC83673AA}.Debug|x86.Build.0 = Debug|Any CPU
		{4D12EA2F-93AD-4585-9DC9-1BFCC83673AA}.Release|Any CPU.ActiveCfg = Release|Any CPU
		{4D12EA2F-93AD-4585-9DC9-1BFCC83673AA}.Release|Any CPU.Build.0 = Release|Any CPU
		{4D12EA2F-93AD-4585-9DC9-1BFCC83673AA}.Release|x64.ActiveCfg = Release|Any CPU
		{4D12EA2F-93AD-4585-9DC9-1BFCC83673AA}.Release|x64.Build.0 = Release|Any CPU
		{4D12EA2F-93AD-4585-9DC9-1BFCC83673AA}.Release|x86.ActiveCfg = Release|Any CPU
		{4D12EA2F-93AD-4585-9DC9-1BFCC83673AA}.Release|x86.Build.0 = Release|Any CPU
		{2D81F35E-B908-4394-A7DB-537E7D613D9F}.Debug|Any CPU.ActiveCfg = Debug|Any CPU
		{2D81F35E-B908-4394-A7DB-537E7D613D9F}.Debug|Any CPU.Build.0 = Debug|Any CPU
		{2D81F35E-B908-4394-A7DB-537E7D613D9F}.Debug|x64.ActiveCfg = Debug|Any CPU
		{2D81F35E-B908-4394-A7DB-537E7D613D9F}.Debug|x64.Build.0 = Debug|Any CPU
		{2D81F35E-B908-4394-A7DB-537E7D613D9F}.Debug|x86.ActiveCfg = Debug|Any CPU
		{2D81F35E-B908-4394-A7DB-537E7D613D9F}.Debug|x86.Build.0 = Debug|Any CPU
		{2D81F35E-B908-4394-A7DB-537E7D613D9F}.Release|Any CPU.ActiveCfg = Release|Any CPU
		{2D81F35E-B908-4394-A7DB-537E7D613D9F}.Release|Any CPU.Build.0 = Release|Any CPU
		{2D81F35E-B908-4394-A7DB-537E7D613D9F}.Release|x64.ActiveCfg = Release|Any CPU
		{2D81F35E-B908-4394-A7DB-537E7D613D9F}.Release|x64.Build.0 = Release|Any CPU
		{2D81F35E-B908-4394-A7DB-537E7D613D9F}.Release|x86.ActiveCfg = Release|Any CPU
		{2D81F35E-B908-4394-A7DB-537E7D613D9F}.Release|x86.Build.0 = Release|Any CPU
	EndGlobalSection
EndGlobal
